// !$*UTF8*$!
{
	archiveVersion = 1;
	classes = {
	};
	objectVersion = 46;
	objects = {

/* Begin PBXBuildFile section */
		912792281E9B2755007E2D20 /* DetailViewController.swift in Sources */ = {isa = PBXBuildFile; fileRef = 912792271E9B2755007E2D20 /* DetailViewController.swift */; };
		9127922A1E9B27CC007E2D20 /* SimpleViewController.swift in Sources */ = {isa = PBXBuildFile; fileRef = 912792291E9B27CC007E2D20 /* SimpleViewController.swift */; };
		912792301E9B29E8007E2D20 /* CellOpenTableViewController.swift in Sources */ = {isa = PBXBuildFile; fileRef = 9127922F1E9B29E8007E2D20 /* CellOpenTableViewController.swift */; };
		9151D1C71E8A56CF008FB5CD /* InnerViewController.swift in Sources */ = {isa = PBXBuildFile; fileRef = 9151D1C61E8A56CF008FB5CD /* InnerViewController.swift */; };
		915732CD1E8268BE00505D1A /* AppDelegate.swift in Sources */ = {isa = PBXBuildFile; fileRef = 915732CC1E8268BE00505D1A /* AppDelegate.swift */; };
		915732CF1E8268BE00505D1A /* ViewController.swift in Sources */ = {isa = PBXBuildFile; fileRef = 915732CE1E8268BE00505D1A /* ViewController.swift */; };
		915732D21E8268BE00505D1A /* Main.storyboard in Resources */ = {isa = PBXBuildFile; fileRef = 915732D01E8268BE00505D1A /* Main.storyboard */; };
		915732D41E8268BE00505D1A /* Assets.xcassets in Resources */ = {isa = PBXBuildFile; fileRef = 915732D31E8268BE00505D1A /* Assets.xcassets */; };
		915732D71E8268BE00505D1A /* LaunchScreen.storyboard in Resources */ = {isa = PBXBuildFile; fileRef = 915732D51E8268BE00505D1A /* LaunchScreen.storyboard */; };
		915732DF1E82708000505D1A /* VerticalOpenTransition.swift in Sources */ = {isa = PBXBuildFile; fileRef = 915732DE1E82708000505D1A /* VerticalOpenTransition.swift */; };
		91739AF51E9225F900F92DB6 /* MapKit.framework in Frameworks */ = {isa = PBXBuildFile; fileRef = 91739AF41E9225F900F92DB6 /* MapKit.framework */; };
/* End PBXBuildFile section */

/* Begin PBXFileReference section */
		912792271E9B2755007E2D20 /* DetailViewController.swift */ = {isa = PBXFileReference; fileEncoding = 4; lastKnownFileType = sourcecode.swift; path = DetailViewController.swift; sourceTree = "<group>"; };
		912792291E9B27CC007E2D20 /* SimpleViewController.swift */ = {isa = PBXFileReference; fileEncoding = 4; lastKnownFileType = sourcecode.swift; path = SimpleViewController.swift; sourceTree = "<group>"; };
		9127922F1E9B29E8007E2D20 /* CellOpenTableViewController.swift */ = {isa = PBXFileReference; fileEncoding = 4; lastKnownFileType = sourcecode.swift; path = CellOpenTableViewController.swift; sourceTree = "<group>"; };
		9151D1C61E8A56CF008FB5CD /* InnerViewController.swift */ = {isa = PBXFileReference; fileEncoding = 4; lastKnownFileType = sourcecode.swift; path = InnerViewController.swift; sourceTree = "<group>"; };
		915732C91E8268BE00505D1A /* PGTransitionExample.app */ = {isa = PBXFileReference; explicitFileType = wrapper.application; includeInIndex = 0; path = PGTransitionExample.app; sourceTree = BUILT_PRODUCTS_DIR; };
		915732CC1E8268BE00505D1A /* AppDelegate.swift */ = {isa = PBXFileReference; lastKnownFileType = sourcecode.swift; path = AppDelegate.swift; sourceTree = "<group>"; };
		915732CE1E8268BE00505D1A /* ViewController.swift */ = {isa = PBXFileReference; lastKnownFileType = sourcecode.swift; path = ViewController.swift; sourceTree = "<group>"; };
		915732D11E8268BE00505D1A /* Base */ = {isa = PBXFileReference; lastKnownFileType = file.storyboard; name = Base; path = Base.lproj/Main.storyboard; sourceTree = "<group>"; };
		915732D31E8268BE00505D1A /* Assets.xcassets */ = {isa = PBXFileReference; lastKnownFileType = folder.assetcatalog; path = Assets.xcassets; sourceTree = "<group>"; };
		915732D61E8268BE00505D1A /* Base */ = {isa = PBXFileReference; lastKnownFileType = file.storyboard; name = Base; path = Base.lproj/LaunchScreen.storyboard; sourceTree = "<group>"; };
		915732D81E8268BE00505D1A /* Info.plist */ = {isa = PBXFileReference; lastKnownFileType = text.plist.xml; path = Info.plist; sourceTree = "<group>"; };
		915732DE1E82708000505D1A /* VerticalOpenTransition.swift */ = {isa = PBXFileReference; fileEncoding = 4; lastKnownFileType = sourcecode.swift; path = VerticalOpenTransition.swift; sourceTree = "<group>"; };
		91739AF41E9225F900F92DB6 /* MapKit.framework */ = {isa = PBXFileReference; lastKnownFileType = wrapper.framework; name = MapKit.framework; path = System/Library/Frameworks/MapKit.framework; sourceTree = SDKROOT; };
/* End PBXFileReference section */

/* Begin PBXFrameworksBuildPhase section */
		915732C61E8268BE00505D1A /* Frameworks */ = {
			isa = PBXFrameworksBuildPhase;
			buildActionMask = 2147483647;
			files = (
				91739AF51E9225F900F92DB6 /* MapKit.framework in Frameworks */,
			);
			runOnlyForDeploymentPostprocessing = 0;
		};
/* End PBXFrameworksBuildPhase section */

/* Begin PBXGroup section */
		915732C01E8268BD00505D1A = {
			isa = PBXGroup;
			children = (
				915732CB1E8268BE00505D1A /* PGTransitionExample */,
				915732CA1E8268BE00505D1A /* Products */,
				91739AEF1E9224C800F92DB6 /* Frameworks */,
			);
			sourceTree = "<group>";
		};
		915732CA1E8268BE00505D1A /* Products */ = {
			isa = PBXGroup;
			children = (
				915732C91E8268BE00505D1A /* PGTransitionExample.app */,
			);
			name = Products;
			sourceTree = "<group>";
		};
		915732CB1E8268BE00505D1A /* PGTransitionExample */ = {
			isa = PBXGroup;
			children = (
				915732CC1E8268BE00505D1A /* AppDelegate.swift */,
				915732CE1E8268BE00505D1A /* ViewController.swift */,
				9151D1C61E8A56CF008FB5CD /* InnerViewController.swift */,
				912792291E9B27CC007E2D20 /* SimpleViewController.swift */,
				9127922F1E9B29E8007E2D20 /* CellOpenTableViewController.swift */,
				912792271E9B2755007E2D20 /* DetailViewController.swift */,
				915732DE1E82708000505D1A /* VerticalOpenTransition.swift */,
				915732D01E8268BE00505D1A /* Main.storyboard */,
				915732D31E8268BE00505D1A /* Assets.xcassets */,
				915732D51E8268BE00505D1A /* LaunchScreen.storyboard */,
				915732D81E8268BE00505D1A /* Info.plist */,
			);
			path = PGTransitionExample;
			sourceTree = "<group>";
		};
		91739AEF1E9224C800F92DB6 /* Frameworks */ = {
			isa = PBXGroup;
			children = (
				91739AF41E9225F900F92DB6 /* MapKit.framework */,
			);
			name = Frameworks;
			sourceTree = "<group>";
		};
/* End PBXGroup section */

/* Begin PBXNativeTarget section */
		915732C81E8268BE00505D1A /* PGTransitionExample */ = {
			isa = PBXNativeTarget;
			buildConfigurationList = 915732DB1E8268BE00505D1A /* Build configuration list for PBXNativeTarget "PGTransitionExample" */;
			buildPhases = (
				915732C51E8268BE00505D1A /* Sources */,
				915732C61E8268BE00505D1A /* Frameworks */,
				915732C71E8268BE00505D1A /* Resources */,
			);
			buildRules = (
			);
			dependencies = (
			);
			name = PGTransitionExample;
			productName = PGTransitionExample;
			productReference = 915732C91E8268BE00505D1A /* PGTransitionExample.app */;
			productType = "com.apple.product-type.application";
		};
/* End PBXNativeTarget section */

/* Begin PBXProject section */
		915732C11E8268BD00505D1A /* Project object */ = {
			isa = PBXProject;
			attributes = {
				LastSwiftUpdateCheck = 0820;
				LastUpgradeCheck = 0820;
				ORGANIZATIONNAME = ipagong;
				TargetAttributes = {
					915732C81E8268BE00505D1A = {
						CreatedOnToolsVersion = 8.2.1;
						ProvisioningStyle = Automatic;
						SystemCapabilities = {
							com.apple.Maps.iOS = {
								enabled = 1;
							};
						};
					};
				};
			};
			buildConfigurationList = 915732C41E8268BD00505D1A /* Build configuration list for PBXProject "PGTransitionExample" */;
			compatibilityVersion = "Xcode 3.2";
			developmentRegion = English;
			hasScannedForEncodings = 0;
			knownRegions = (
				en,
				Base,
			);
			mainGroup = 915732C01E8268BD00505D1A;
			productRefGroup = 915732CA1E8268BE00505D1A /* Products */;
			projectDirPath = "";
			projectRoot = "";
			targets = (
				915732C81E8268BE00505D1A /* PGTransitionExample */,
			);
		};
/* End PBXProject section */

/* Begin PBXResourcesBuildPhase section */
		915732C71E8268BE00505D1A /* Resources */ = {
			isa = PBXResourcesBuildPhase;
			buildActionMask = 2147483647;
			files = (
				915732D71E8268BE00505D1A /* LaunchScreen.storyboard in Resources */,
				915732D41E8268BE00505D1A /* Assets.xcassets in Resources */,
				915732D21E8268BE00505D1A /* Main.storyboard in Resources */,
			);
			runOnlyForDeploymentPostprocessing = 0;
		};
/* End PBXResourcesBuildPhase section */

/* Begin PBXSourcesBuildPhase section */
		915732C51E8268BE00505D1A /* Sources */ = {
			isa = PBXSourcesBuildPhase;
			buildActionMask = 2147483647;
			files = (
				915732CF1E8268BE00505D1A /* ViewController.swift in Sources */,
				912792301E9B29E8007E2D20 /* CellOpenTableViewController.swift in Sources */,
				915732DF1E82708000505D1A /* VerticalOpenTransition.swift in Sources */,
				9127922A1E9B27CC007E2D20 /* SimpleViewController.swift in Sources */,
				915732CD1E8268BE00505D1A /* AppDelegate.swift in Sources */,
				9151D1C71E8A56CF008FB5CD /* InnerViewController.swift in Sources */,
				912792281E9B2755007E2D20 /* DetailViewController.swift in Sources */,
			);
			runOnlyForDeploymentPostprocessing = 0;
		};
/* End PBXSourcesBuildPhase section */

/* Begin PBXVariantGroup section */
		915732D01E8268BE00505D1A /* Main.storyboard */ = {
			isa = PBXVariantGroup;
			children = (
				915732D11E8268BE00505D1A /* Base */,
			);
			name = Main.storyboard;
			sourceTree = "<group>";
		};
		915732D51E8268BE00505D1A /* LaunchScreen.storyboard */ = {
			isa = PBXVariantGroup;
			children = (
				915732D61E8268BE00505D1A /* Base */,
			);
			name = LaunchScreen.storyboard;
			sourceTree = "<group>";
		};
/* End PBXVariantGroup section */

/* Begin XCBuildConfiguration section */
		915732D91E8268BE00505D1A /* Debug */ = {
			isa = XCBuildConfiguration;
			buildSettings = {
				ALWAYS_SEARCH_USER_PATHS = NO;
				CLANG_ANALYZER_NONNULL = YES;
				CLANG_CXX_LANGUAGE_STANDARD = "gnu++0x";
				CLANG_CXX_LIBRARY = "libc++";
				CLANG_ENABLE_MODULES = YES;
				CLANG_ENABLE_OBJC_ARC = YES;
				CLANG_WARN_BOOL_CONVERSION = YES;
				CLANG_WARN_CONSTANT_CONVERSION = YES;
				CLANG_WARN_DIRECT_OBJC_ISA_USAGE = YES_ERROR;
				CLANG_WARN_DOCUMENTATION_COMMENTS = YES;
				CLANG_WARN_EMPTY_BODY = YES;
				CLANG_WARN_ENUM_CONVERSION = YES;
				CLANG_WARN_INFINITE_RECURSION = YES;
				CLANG_WARN_INT_CONVERSION = YES;
				CLANG_WARN_OBJC_ROOT_CLASS = YES_ERROR;
				CLANG_WARN_SUSPICIOUS_MOVE = YES;
				CLANG_WARN_UNREACHABLE_CODE = YES;
				CLANG_WARN__DUPLICATE_METHOD_MATCH = YES;
				"CODE_SIGN_IDENTITY[sdk=iphoneos*]" = "iPhone Developer";
				COPY_PHASE_STRIP = NO;
				DEBUG_INFORMATION_FORMAT = dwarf;
				ENABLE_STRICT_OBJC_MSGSEND = YES;
				ENABLE_TESTABILITY = YES;
				GCC_C_LANGUAGE_STANDARD = gnu99;
				GCC_DYNAMIC_NO_PIC = NO;
				GCC_NO_COMMON_BLOCKS = YES;
				GCC_OPTIMIZATION_LEVEL = 0;
				GCC_PREPROCESSOR_DEFINITIONS = (
					"DEBUG=1",
					"$(inherited)",
				);
				GCC_WARN_64_TO_32_BIT_CONVERSION = YES;
				GCC_WARN_ABOUT_RETURN_TYPE = YES_ERROR;
				GCC_WARN_UNDECLARED_SELECTOR = YES;
				GCC_WARN_UNINITIALIZED_AUTOS = YES_AGGRESSIVE;
				GCC_WARN_UNUSED_FUNCTION = YES;
				GCC_WARN_UNUSED_VARIABLE = YES;
				IPHONEOS_DEPLOYMENT_TARGET = 10.2;
				MTL_ENABLE_DEBUG_INFO = YES;
				ONLY_ACTIVE_ARCH = YES;
				SDKROOT = iphoneos;
				SWIFT_ACTIVE_COMPILATION_CONDITIONS = DEBUG;
				SWIFT_OPTIMIZATION_LEVEL = "-Onone";
			};
			name = Debug;
		};
		915732DA1E8268BE00505D1A /* Release */ = {
			isa = XCBuildConfiguration;
			buildSettings = {
				ALWAYS_SEARCH_USER_PATHS = NO;
				CLANG_ANALYZER_NONNULL = YES;
				CLANG_CXX_LANGUAGE_STANDARD = "gnu++0x";
				CLANG_CXX_LIBRARY = "libc++";
				CLANG_ENABLE_MODULES = YES;
				CLANG_ENABLE_OBJC_ARC = YES;
				CLANG_WARN_BOOL_CONVERSION = YES;
				CLANG_WARN_CONSTANT_CONVERSION = YES;
				CLANG_WARN_DIRECT_OBJC_ISA_USAGE = YES_ERROR;
				CLANG_WARN_DOCUMENTATION_COMMENTS = YES;
				CLANG_WARN_EMPTY_BODY = YES;
				CLANG_WARN_ENUM_CONVERSION = YES;
				CLANG_WARN_INFINITE_RECURSION = YES;
				CLANG_WARN_INT_CONVERSION = YES;
				CLANG_WARN_OBJC_ROOT_CLASS = YES_ERROR;
				CLANG_WARN_SUSPICIOUS_MOVE = YES;
				CLANG_WARN_UNREACHABLE_CODE = YES;
				CLANG_WARN__DUPLICATE_METHOD_MATCH = YES;
				"CODE_SIGN_IDENTITY[sdk=iphoneos*]" = "iPhone Developer";
				COPY_PHASE_STRIP = NO;
				DEBUG_INFORMATION_FORMAT = "dwarf-with-dsym";
				ENABLE_NS_ASSERTIONS = NO;
				ENABLE_STRICT_OBJC_MSGSEND = YES;
				GCC_C_LANGUAGE_STANDARD = gnu99;
				GCC_NO_COMMON_BLOCKS = YES;
				GCC_WARN_64_TO_32_BIT_CONVERSION = YES;
				GCC_WARN_ABOUT_RETURN_TYPE = YES_ERROR;
				GCC_WARN_UNDECLARED_SELECTOR = YES;
				GCC_WARN_UNINITIALIZED_AUTOS = YES_AGGRESSIVE;
				GCC_WARN_UNUSED_FUNCTION = YES;
				GCC_WARN_UNUSED_VARIABLE = YES;
				IPHONEOS_DEPLOYMENT_TARGET = 10.2;
				MTL_ENABLE_DEBUG_INFO = NO;
				SDKROOT = iphoneos;
				SWIFT_OPTIMIZATION_LEVEL = "-Owholemodule";
				VALIDATE_PRODUCT = YES;
			};
			name = Release;
		};
		915732DC1E8268BE00505D1A /* Debug */ = {
			isa = XCBuildConfiguration;
			buildSettings = {
				ASSETCATALOG_COMPILER_APPICON_NAME = AppIcon;
				INFOPLIST_FILE = PGTransitionExample/Info.plist;
				LD_RUNPATH_SEARCH_PATHS = "$(inherited) @executable_path/Frameworks";
				PRODUCT_BUNDLE_IDENTIFIER = com.pagong.PGTransitionExample;
				PRODUCT_NAME = "$(TARGET_NAME)";
				SWIFT_VERSION = 3.0;
			};
			name = Debug;
		};
		915732DD1E8268BE00505D1A /* Release */ = {
			isa = XCBuildConfiguration;
			buildSettings = {
				ASSETCATALOG_COMPILER_APPICON_NAME = AppIcon;
				INFOPLIST_FILE = PGTransitionExample/Info.plist;
				LD_RUNPATH_SEARCH_PATHS = "$(inherited) @executable_path/Frameworks";
				PRODUCT_BUNDLE_IDENTIFIER = com.pagong.PGTransitionExample;
				PRODUCT_NAME = "$(TARGET_NAME)";
				SWIFT_VERSION = 3.0;
			};
			name = Release;
		};
/* End XCBuildConfiguration section */

/* Begin XCConfigurationList section */
		915732C41E8268BD00505D1A /* Build configuration list for PBXProject "PGTransitionExample" */ = {
			isa = XCConfigurationList;
			buildConfigurations = (
				915732D91E8268BE00505D1A /* Debug */,
				915732DA1E8268BE00505D1A /* Release */,
			);
			defaultConfigurationIsVisible = 0;
			defaultConfigurationName = Release;
		};
		915732DB1E8268BE00505D1A /* Build configuration list for PBXNativeTarget "PGTransitionExample" */ = {
			isa = XCConfigurationList;
			buildConfigurations = (
				915732DC1E8268BE00505D1A /* Debug */,
				915732DD1E8268BE00505D1A /* Release */,
			);
			defaultConfigurationIsVisible = 0;
			defaultConfigurationName = Release;
		};
/* End XCConfigurationList section */
	};
	rootObject = 915732C11E8268BD00505D1A /* Project object */;
}
